{
  "pins" : [
    {
      "identity" : "pythonkit",
      "kind" : "remoteSourceControl",
      "location" : "https://github.com/JonathanPenner3D/PythonKit.git",
      "state" : {
        "branch" : "master",
        "revision" : "fe7a207548d5a700c9f133e65d5d02a7a76a1bd9"
      }
    }
  ],
  "version" : 2
}
